
Microsoft Visual Studio Solution File, Format Version 12.00
# Visual Studio Version 17
VisualStudioVersion = 17.6.33829.357
MinimumVisualStudioVersion = 10.0.40219.1
Project("{FAE04EC0-301F-11D3-BF4B-00C04F79EFBC}") = "0412-FizzBuzz", "0412-FizzBuzz\0412-FizzBuzz.csproj", "{EF757CE6-A5D5-4950-A8D4-8E0ADDD627D2}"
EndProject
Global
	GlobalSection(SolutionConfigurationPlatforms) = preSolution
		Debug|Any CPU = Debug|Any CPU
		Release|Any CPU = Release|Any CPU
	EndGlobalSection
	GlobalSection(ProjectConfigurationPlatforms) = postSolution
		{EF757CE6-A5D5-4950-A8D4-8E0ADDD627D2}.Debug|Any CPU.ActiveCfg = Debug|Any CPU
		{EF757CE6-A5D5-4950-A8D4-8E0ADDD627D2}.Debug|Any CPU.Build.0 = Debug|Any CPU
		{EF757CE6-A5D5-4950-A8D4-8E0ADDD627D2}.Release|Any CPU.ActiveCfg = Release|Any CPU
		{EF757CE6-A5D5-4950-A8D4-8E0ADDD627D2}.Release|Any CPU.Build.0 = Release|Any CPU
	EndGlobalSection
	GlobalSection(SolutionProperties) = preSolution
		HideSolutionNode = FALSE
	EndGlobalSection
	GlobalSection(ExtensibilityGlobals) = postSolution
		SolutionGuid = {D29EC947-6884-4369-82A7-9BE847C25371}
	EndGlobalSection
EndGlobal
