
Microsoft Visual Studio Solution File, Format Version 12.00
# Visual Studio Version 17
VisualStudioVersion = 17.6.33829.357
MinimumVisualStudioVersion = 10.0.40219.1
Project("{FAE04EC0-301F-11D3-BF4B-00C04F79EFBC}") = "0003-LongestSubstringWithoutRepeatingCharacters", "0003-LongestSubstringWithoutRepeatingCharacters\0003-LongestSubstringWithoutRepeatingCharacters.csproj", "{422DADC1-BFD8-4A2D-A37A-10AD50C194C2}"
EndProject
Global
	GlobalSection(SolutionConfigurationPlatforms) = preSolution
		Debug|Any CPU = Debug|Any CPU
		Release|Any CPU = Release|Any CPU
	EndGlobalSection
	GlobalSection(ProjectConfigurationPlatforms) = postSolution
		{422DADC1-BFD8-4A2D-A37A-10AD50C194C2}.Debug|Any CPU.ActiveCfg = Debug|Any CPU
		{422DADC1-BFD8-4A2D-A37A-10AD50C194C2}.Debug|Any CPU.Build.0 = Debug|Any CPU
		{422DADC1-BFD8-4A2D-A37A-10AD50C194C2}.Release|Any CPU.ActiveCfg = Release|Any CPU
		{422DADC1-BFD8-4A2D-A37A-10AD50C194C2}.Release|Any CPU.Build.0 = Release|Any CPU
	EndGlobalSection
	GlobalSection(SolutionProperties) = preSolution
		HideSolutionNode = FALSE
	EndGlobalSection
	GlobalSection(ExtensibilityGlobals) = postSolution
		SolutionGuid = {F5DA70A5-C77F-4974-9E20-CF4F97241881}
	EndGlobalSection
EndGlobal
