
Microsoft Visual Studio Solution File, Format Version 12.00
# Visual Studio Version 17
VisualStudioVersion = 17.6.33829.357
MinimumVisualStudioVersion = 10.0.40219.1
Project("{FAE04EC0-301F-11D3-BF4B-00C04F79EFBC}") = "0066-PlusOne", "0066-PlusOne\0066-PlusOne.csproj", "{6848BBB0-796F-4057-ADDA-8F37A7564007}"
EndProject
Global
	GlobalSection(SolutionConfigurationPlatforms) = preSolution
		Debug|Any CPU = Debug|Any CPU
		Release|Any CPU = Release|Any CPU
	EndGlobalSection
	GlobalSection(ProjectConfigurationPlatforms) = postSolution
		{6848BBB0-796F-4057-ADDA-8F37A7564007}.Debug|Any CPU.ActiveCfg = Debug|Any CPU
		{6848BBB0-796F-4057-ADDA-8F37A7564007}.Debug|Any CPU.Build.0 = Debug|Any CPU
		{6848BBB0-796F-4057-ADDA-8F37A7564007}.Release|Any CPU.ActiveCfg = Release|Any CPU
		{6848BBB0-796F-4057-ADDA-8F37A7564007}.Release|Any CPU.Build.0 = Release|Any CPU
	EndGlobalSection
	GlobalSection(SolutionProperties) = preSolution
		HideSolutionNode = FALSE
	EndGlobalSection
	GlobalSection(ExtensibilityGlobals) = postSolution
		SolutionGuid = {43EA3B8A-DAE2-427B-99A3-001009798918}
	EndGlobalSection
EndGlobal
