
Microsoft Visual Studio Solution File, Format Version 12.00
# Visual Studio Version 17
VisualStudioVersion = 17.6.33829.357
MinimumVisualStudioVersion = 10.0.40219.1
Project("{FAE04EC0-301F-11D3-BF4B-00C04F79EFBC}") = "0009-PalindromeNumber", "0009-PalindromeNumber\0009-PalindromeNumber.csproj", "{4D774789-09EF-420D-B7DB-B7203BD0C997}"
EndProject
Global
	GlobalSection(SolutionConfigurationPlatforms) = preSolution
		Debug|Any CPU = Debug|Any CPU
		Release|Any CPU = Release|Any CPU
	EndGlobalSection
	GlobalSection(ProjectConfigurationPlatforms) = postSolution
		{4D774789-09EF-420D-B7DB-B7203BD0C997}.Debug|Any CPU.ActiveCfg = Debug|Any CPU
		{4D774789-09EF-420D-B7DB-B7203BD0C997}.Debug|Any CPU.Build.0 = Debug|Any CPU
		{4D774789-09EF-420D-B7DB-B7203BD0C997}.Release|Any CPU.ActiveCfg = Release|Any CPU
		{4D774789-09EF-420D-B7DB-B7203BD0C997}.Release|Any CPU.Build.0 = Release|Any CPU
	EndGlobalSection
	GlobalSection(SolutionProperties) = preSolution
		HideSolutionNode = FALSE
	EndGlobalSection
	GlobalSection(ExtensibilityGlobals) = postSolution
		SolutionGuid = {FF5E4C6E-59E6-4C04-B3B4-9C3D407EC681}
	EndGlobalSection
EndGlobal
