
Microsoft Visual Studio Solution File, Format Version 12.00
# Visual Studio Version 17
VisualStudioVersion = 17.6.33829.357
MinimumVisualStudioVersion = 10.0.40219.1
Project("{FAE04EC0-301F-11D3-BF4B-00C04F79EFBC}") = "0088-MergeSortedArray", "0088-MergeSortedArray\0088-MergeSortedArray.csproj", "{92FE7EC5-1546-4876-9584-6FD317E6ACFA}"
EndProject
Global
	GlobalSection(SolutionConfigurationPlatforms) = preSolution
		Debug|Any CPU = Debug|Any CPU
		Release|Any CPU = Release|Any CPU
	EndGlobalSection
	GlobalSection(ProjectConfigurationPlatforms) = postSolution
		{92FE7EC5-1546-4876-9584-6FD317E6ACFA}.Debug|Any CPU.ActiveCfg = Debug|Any CPU
		{92FE7EC5-1546-4876-9584-6FD317E6ACFA}.Debug|Any CPU.Build.0 = Debug|Any CPU
		{92FE7EC5-1546-4876-9584-6FD317E6ACFA}.Release|Any CPU.ActiveCfg = Release|Any CPU
		{92FE7EC5-1546-4876-9584-6FD317E6ACFA}.Release|Any CPU.Build.0 = Release|Any CPU
	EndGlobalSection
	GlobalSection(SolutionProperties) = preSolution
		HideSolutionNode = FALSE
	EndGlobalSection
	GlobalSection(ExtensibilityGlobals) = postSolution
		SolutionGuid = {7CAB2F56-7774-40B0-AE5E-DE54BFDA50BD}
	EndGlobalSection
EndGlobal
